
Microsoft Visual Studio Solution File, Format Version 12.00
# Visual Studio Version 16
VisualStudioVersion = 16.0.30011.22
MinimumVisualStudioVersion = 10.0.40219.1
Project("{9A19103F-16F7-4668-BE54-9A1E7A4F7556}") = "FlightControlWeb", "FlightControlWeb\FlightControlWeb.csproj", "{15DE4237-9777-40AB-8193-84711ED1992E}"
EndProject
Project("{FAE04EC0-301F-11D3-BF4B-00C04F79EFBC}") = "FlightControlWebTest", "XUnitTestProject1\FlightControlWebTest.csproj", "{C3FA1E4D-E604-4AC4-BA96-B4208CE7656F}"
EndProject
Global
	GlobalSection(SolutionConfigurationPlatforms) = preSolution
		Debug|Any CPU = Debug|Any CPU
		Release|Any CPU = Release|Any CPU
	EndGlobalSection
	GlobalSection(ProjectConfigurationPlatforms) = postSolution
		{15DE4237-9777-40AB-8193-84711ED1992E}.Debug|Any CPU.ActiveCfg = Debug|Any CPU
		{15DE4237-9777-40AB-8193-84711ED1992E}.Debug|Any CPU.Build.0 = Debug|Any CPU
		{15DE4237-9777-40AB-8193-84711ED1992E}.Release|Any CPU.ActiveCfg = Release|Any CPU
		{15DE4237-9777-40AB-8193-84711ED1992E}.Release|Any CPU.Build.0 = Release|Any CPU
		{C3FA1E4D-E604-4AC4-BA96-B4208CE7656F}.Debug|Any CPU.ActiveCfg = Debug|Any CPU
		{C3FA1E4D-E604-4AC4-BA96-B4208CE7656F}.Debug|Any CPU.Build.0 = Debug|Any CPU
		{C3FA1E4D-E604-4AC4-BA96-B4208CE7656F}.Release|Any CPU.ActiveCfg = Release|Any CPU
		{C3FA1E4D-E604-4AC4-BA96-B4208CE7656F}.Release|Any CPU.Build.0 = Release|Any CPU
	EndGlobalSection
	GlobalSection(SolutionProperties) = preSolution
		HideSolutionNode = FALSE
	EndGlobalSection
	GlobalSection(ExtensibilityGlobals) = postSolution
		SolutionGuid = {F29DE95D-C321-4F37-B6A8-781EE5D665F6}
	EndGlobalSection
EndGlobal
